{
  "requires": true,
  "lockfileVersion": 1,
  "dependencies": {
    "gitbook-plugin-insert-logo": {
      "version": "0.1.4",
      "resolved": "https://registry.npmjs.org/gitbook-plugin-insert-logo/-/gitbook-plugin-insert-logo-0.1.4.tgz",
      "integrity": "sha1-PH0e6/jo4ay76I9Hybepq8Y5RuM="
    }
  }
}
